
Microsoft Visual Studio Solution File, Format Version 12.00
# Visual Studio Version 17
VisualStudioVersion = 17.7.34024.191
MinimumVisualStudioVersion = 10.0.40219.1
Project("{FAE04EC0-301F-11D3-BF4B-00C04F79EFBC}") = "CakeBuild", "CakeBuild\CakeBuild.csproj", "{4196C7EB-95B3-4524-AA6E-B1814CFDEAB9}"
EndProject
Project("{FAE04EC0-301F-11D3-BF4B-00C04F79EFBC}") = "middleclicktostow", "middleclicktostow\middleclicktostow.csproj", "{AE2EB14C-B45D-4681-A2B0-39EB441ED800}"
EndProject
Global
	GlobalSection(SolutionConfigurationPlatforms) = preSolution
		Debug|Any CPU = Debug|Any CPU
		Release|Any CPU = Release|Any CPU
	EndGlobalSection
	GlobalSection(ProjectConfigurationPlatforms) = postSolution
		{4196C7EB-95B3-4524-AA6E-B1814CFDEAB9}.Debug|Any CPU.ActiveCfg = Debug|Any CPU
		{4196C7EB-95B3-4524-AA6E-B1814CFDEAB9}.Debug|Any CPU.Build.0 = Debug|Any CPU
		{4196C7EB-95B3-4524-AA6E-B1814CFDEAB9}.Release|Any CPU.ActiveCfg = Release|Any CPU
		{4196C7EB-95B3-4524-AA6E-B1814CFDEAB9}.Release|Any CPU.Build.0 = Release|Any CPU
		{AE2EB14C-B45D-4681-A2B0-39EB441ED800}.Debug|Any CPU.ActiveCfg = Debug|Any CPU
		{AE2EB14C-B45D-4681-A2B0-39EB441ED800}.Debug|Any CPU.Build.0 = Debug|Any CPU
		{AE2EB14C-B45D-4681-A2B0-39EB441ED800}.Release|Any CPU.ActiveCfg = Release|Any CPU
		{AE2EB14C-B45D-4681-A2B0-39EB441ED800}.Release|Any CPU.Build.0 = Release|Any CPU
	EndGlobalSection
	GlobalSection(SolutionProperties) = preSolution
		HideSolutionNode = FALSE
	EndGlobalSection
	GlobalSection(ExtensibilityGlobals) = postSolution
		SolutionGuid = {DA7E17CA-5B2C-4B97-BCFE-1061C6E865A9}
	EndGlobalSection
EndGlobal
